
Microsoft Visual Studio Solution File, Format Version 12.00
# Visual Studio Version 17
VisualStudioVersion = 17.7.34202.233
MinimumVisualStudioVersion = 10.0.40219.1
Project("{9A19103F-16F7-4668-BE54-9A1E7A4F7556}") = "BL Medicine", "BL Medicine\BL Medicine.csproj", "{FA87683C-262D-47C8-ABAA-87EB065A7188}"
EndProject
Project("{9A19103F-16F7-4668-BE54-9A1E7A4F7556}") = "API", "API\API.csproj", "{DCF0FD10-D5EB-4EDE-882D-87528C5BE6B8}"
EndProject
Project("{9A19103F-16F7-4668-BE54-9A1E7A4F7556}") = "ConsoleTesting", "ConsoleTesting\ConsoleTesting.csproj", "{CC5FFBCB-6964-418F-A659-2D542EAEE3D6}"
EndProject
Project("{9A19103F-16F7-4668-BE54-9A1E7A4F7556}") = "DL_Medicine", "DL_Medicine\DL_Medicine.csproj", "{5B1C549C-8534-4E2F-BF3C-7FFDBC4AD4DD}"
EndProject
Global
	GlobalSection(SolutionConfigurationPlatforms) = preSolution
		Debug|Any CPU = Debug|Any CPU
		Release|Any CPU = Release|Any CPU
	EndGlobalSection
	GlobalSection(ProjectConfigurationPlatforms) = postSolution
		{FA87683C-262D-47C8-ABAA-87EB065A7188}.Debug|Any CPU.ActiveCfg = Debug|Any CPU
		{FA87683C-262D-47C8-ABAA-87EB065A7188}.Debug|Any CPU.Build.0 = Debug|Any CPU
		{FA87683C-262D-47C8-ABAA-87EB065A7188}.Release|Any CPU.ActiveCfg = Release|Any CPU
		{FA87683C-262D-47C8-ABAA-87EB065A7188}.Release|Any CPU.Build.0 = Release|Any CPU
		{DCF0FD10-D5EB-4EDE-882D-87528C5BE6B8}.Debug|Any CPU.ActiveCfg = Debug|Any CPU
		{DCF0FD10-D5EB-4EDE-882D-87528C5BE6B8}.Debug|Any CPU.Build.0 = Debug|Any CPU
		{DCF0FD10-D5EB-4EDE-882D-87528C5BE6B8}.Release|Any CPU.ActiveCfg = Release|Any CPU
		{DCF0FD10-D5EB-4EDE-882D-87528C5BE6B8}.Release|Any CPU.Build.0 = Release|Any CPU
		{CC5FFBCB-6964-418F-A659-2D542EAEE3D6}.Debug|Any CPU.ActiveCfg = Debug|Any CPU
		{CC5FFBCB-6964-418F-A659-2D542EAEE3D6}.Debug|Any CPU.Build.0 = Debug|Any CPU
		{CC5FFBCB-6964-418F-A659-2D542EAEE3D6}.Release|Any CPU.ActiveCfg = Release|Any CPU
		{CC5FFBCB-6964-418F-A659-2D542EAEE3D6}.Release|Any CPU.Build.0 = Release|Any CPU
		{5B1C549C-8534-4E2F-BF3C-7FFDBC4AD4DD}.Debug|Any CPU.ActiveCfg = Debug|Any CPU
		{5B1C549C-8534-4E2F-BF3C-7FFDBC4AD4DD}.Debug|Any CPU.Build.0 = Debug|Any CPU
		{5B1C549C-8534-4E2F-BF3C-7FFDBC4AD4DD}.Release|Any CPU.ActiveCfg = Release|Any CPU
		{5B1C549C-8534-4E2F-BF3C-7FFDBC4AD4DD}.Release|Any CPU.Build.0 = Release|Any CPU
	EndGlobalSection
	GlobalSection(SolutionProperties) = preSolution
		HideSolutionNode = FALSE
	EndGlobalSection
EndGlobal
